Microsoft Visual Studio Solution File, Format Version 12.00
# Visual Studio 2012
Project("{FAE04EC0-301F-11D3-BF4B-00C04F79EFBC}") = "0012 Godot C Sharp Howto Wall Crawler", "0012 Godot C Sharp Howto Wall Crawler.csproj", "{18510668-5796-4265-9F73-E97D1A66F635}"
EndProject
Global
	GlobalSection(SolutionConfigurationPlatforms) = preSolution
	Debug|Any CPU = Debug|Any CPU
	ExportDebug|Any CPU = ExportDebug|Any CPU
	ExportRelease|Any CPU = ExportRelease|Any CPU
	EndGlobalSection
	GlobalSection(ProjectConfigurationPlatforms) = postSolution
		{18510668-5796-4265-9F73-E97D1A66F635}.Debug|Any CPU.ActiveCfg = Debug|Any CPU
		{18510668-5796-4265-9F73-E97D1A66F635}.Debug|Any CPU.Build.0 = Debug|Any CPU
		{18510668-5796-4265-9F73-E97D1A66F635}.ExportDebug|Any CPU.ActiveCfg = ExportDebug|Any CPU
		{18510668-5796-4265-9F73-E97D1A66F635}.ExportDebug|Any CPU.Build.0 = ExportDebug|Any CPU
		{18510668-5796-4265-9F73-E97D1A66F635}.ExportRelease|Any CPU.ActiveCfg = ExportRelease|Any CPU
		{18510668-5796-4265-9F73-E97D1A66F635}.ExportRelease|Any CPU.Build.0 = ExportRelease|Any CPU
	EndGlobalSection
EndGlobal
